
Microsoft Visual Studio Solution File, Format Version 12.00
# Visual Studio Version 17
VisualStudioVersion = 17.5.33424.131
MinimumVisualStudioVersion = 10.0.40219.1
Project("{FAE04EC0-301F-11D3-BF4B-00C04F79EFBC}") = "LD4", "LD4\LD4.csproj", "{730D52E6-4DAF-4612-8327-F57A9FF52A83}"
EndProject
Project("{FAE04EC0-301F-11D3-BF4B-00C04F79EFBC}") = "LD4.Individual", "LD4.Individual\LD4.Individual.csproj", "{45D3B69C-B6BA-4F70-B2FC-AA8A8D2398D2}"
EndProject
Project("{FAE04EC0-301F-11D3-BF4B-00C04F79EFBC}") = "LD4Tests1", "LD4Tests1\LD4Tests1.csproj", "{E2F67D3B-B2A3-43B4-9CD4-741586F90C52}"
EndProject
Global
	GlobalSection(SolutionConfigurationPlatforms) = preSolution
		Debug|Any CPU = Debug|Any CPU
		Release|Any CPU = Release|Any CPU
	EndGlobalSection
	GlobalSection(ProjectConfigurationPlatforms) = postSolution
		{730D52E6-4DAF-4612-8327-F57A9FF52A83}.Debug|Any CPU.ActiveCfg = Debug|Any CPU
		{730D52E6-4DAF-4612-8327-F57A9FF52A83}.Debug|Any CPU.Build.0 = Debug|Any CPU
		{730D52E6-4DAF-4612-8327-F57A9FF52A83}.Release|Any CPU.ActiveCfg = Release|Any CPU
		{730D52E6-4DAF-4612-8327-F57A9FF52A83}.Release|Any CPU.Build.0 = Release|Any CPU
		{45D3B69C-B6BA-4F70-B2FC-AA8A8D2398D2}.Debug|Any CPU.ActiveCfg = Debug|Any CPU
		{45D3B69C-B6BA-4F70-B2FC-AA8A8D2398D2}.Debug|Any CPU.Build.0 = Debug|Any CPU
		{45D3B69C-B6BA-4F70-B2FC-AA8A8D2398D2}.Release|Any CPU.ActiveCfg = Release|Any CPU
		{45D3B69C-B6BA-4F70-B2FC-AA8A8D2398D2}.Release|Any CPU.Build.0 = Release|Any CPU
		{E2F67D3B-B2A3-43B4-9CD4-741586F90C52}.Debug|Any CPU.ActiveCfg = Debug|Any CPU
		{E2F67D3B-B2A3-43B4-9CD4-741586F90C52}.Debug|Any CPU.Build.0 = Debug|Any CPU
		{E2F67D3B-B2A3-43B4-9CD4-741586F90C52}.Release|Any CPU.ActiveCfg = Release|Any CPU
		{E2F67D3B-B2A3-43B4-9CD4-741586F90C52}.Release|Any CPU.Build.0 = Release|Any CPU
	EndGlobalSection
	GlobalSection(SolutionProperties) = preSolution
		HideSolutionNode = FALSE
	EndGlobalSection
	GlobalSection(ExtensibilityGlobals) = postSolution
		SolutionGuid = {85E77B35-A043-4289-8EF7-84EFEF84AA6E}
	EndGlobalSection
EndGlobal
